// !$*UTF8*$!
{
	archiveVersion = 1;
	classes = {
	};
	objectVersion = 55;
	objects = {

/* Begin PBXBuildFile section */
		91D8890F2871ED9200A00626 /* Tests_iOS.swift in Sources */ = {isa = PBXBuildFile; fileRef = 91D8890E2871ED9200A00626 /* Tests_iOS.swift */; };
		91D889112871ED9200A00626 /* Tests_iOSLaunchTests.swift in Sources */ = {isa = PBXBuildFile; fileRef = 91D889102871ED9200A00626 /* Tests_iOSLaunchTests.swift */; };
		91D8891B2871ED9200A00626 /* Tests_macOS.swift in Sources */ = {isa = PBXBuildFile; fileRef = 91D8891A2871ED9200A00626 /* Tests_macOS.swift */; };
		91D8891D2871ED9200A00626 /* Tests_macOSLaunchTests.swift in Sources */ = {isa = PBXBuildFile; fileRef = 91D8891C2871ED9200A00626 /* Tests_macOSLaunchTests.swift */; };
		91D8891E2871ED9200A00626 /* comboom_sucht_BLOG.xcdatamodeld in Sources */ = {isa = PBXBuildFile; fileRef = 91D888F32871ED9200A00626 /* comboom_sucht_BLOG.xcdatamodeld */; };
		91D8891F2871ED9200A00626 /* comboom_sucht_BLOG.xcdatamodeld in Sources */ = {isa = PBXBuildFile; fileRef = 91D888F32871ED9200A00626 /* comboom_sucht_BLOG.xcdatamodeld */; };
		91D889202871ED9200A00626 /* comboom_sucht_BLOGApp.swift in Sources */ = {isa = PBXBuildFile; fileRef = 91D888F52871ED9200A00626 /* comboom_sucht_BLOGApp.swift */; };
		91D889212871ED9200A00626 /* comboom_sucht_BLOGApp.swift in Sources */ = {isa = PBXBuildFile; fileRef = 91D888F52871ED9200A00626 /* comboom_sucht_BLOGApp.swift */; };
		91D889222871ED9200A00626 /* ContentView.swift in Sources */ = {isa = PBXBuildFile; fileRef = 91D888F62871ED9200A00626 /* ContentView.swift */; };
		91D889232871ED9200A00626 /* ContentView.swift in Sources */ = {isa = PBXBuildFile; fileRef = 91D888F62871ED9200A00626 /* ContentView.swift */; };
		91D889242871ED9200A00626 /* Persistence.swift in Sources */ = {isa = PBXBuildFile; fileRef = 91D888F72871ED9200A00626 /* Persistence.swift */; };
		91D889252871ED9200A00626 /* Persistence.swift in Sources */ = {isa = PBXBuildFile; fileRef = 91D888F72871ED9200A00626 /* Persistence.swift */; };
		91D889262871ED9200A00626 /* Assets.xcassets in Resources */ = {isa = PBXBuildFile; fileRef = 91D888F82871ED9200A00626 /* Assets.xcassets */; };
		91D889272871ED9200A00626 /* Assets.xcassets in Resources */ = {isa = PBXBuildFile; fileRef = 91D888F82871ED9200A00626 /* Assets.xcassets */; };
/* End PBXBuildFile section */

/* Begin PBXContainerItemProxy section */
		91D8890B2871ED9200A00626 /* PBXContainerItemProxy */ = {
			isa = PBXContainerItemProxy;
			containerPortal = 91D888EE2871ED9200A00626 /* Project object */;
			proxyType = 1;
			remoteGlobalIDString = 91D888FC2871ED9200A00626;
			remoteInfo = "comboom.sucht-BLOG (iOS)";
		};
		91D889172871ED9200A00626 /* PBXContainerItemProxy */ = {
			isa = PBXContainerItemProxy;
			containerPortal = 91D888EE2871ED9200A00626 /* Project object */;
			proxyType = 1;
			remoteGlobalIDString = 91D889022871ED9200A00626;
			remoteInfo = "comboom.sucht-BLOG (macOS)";
		};
/* End PBXContainerItemProxy section */

/* Begin PBXFileReference section */
		91D888F42871ED9200A00626 /* Shared.xcdatamodel */ = {isa = PBXFileReference; lastKnownFileType = wrapper.xcdatamodel; path = Shared.xcdatamodel; sourceTree = "<group>"; };
		91D888F52871ED9200A00626 /* comboom_sucht_BLOGApp.swift */ = {isa = PBXFileReference; lastKnownFileType = sourcecode.swift; path = comboom_sucht_BLOGApp.swift; sourceTree = "<group>"; };
		91D888F62871ED9200A00626 /* ContentView.swift */ = {isa = PBXFileReference; lastKnownFileType = sourcecode.swift; path = ContentView.swift; sourceTree = "<group>"; };
		91D888F72871ED9200A00626 /* Persistence.swift */ = {isa = PBXFileReference; lastKnownFileType = sourcecode.swift; path = Persistence.swift; sourceTree = "<group>"; };
		91D888F82871ED9200A00626 /* Assets.xcassets */ = {isa = PBXFileReference; lastKnownFileType = folder.assetcatalog; path = Assets.xcassets; sourceTree = "<group>"; };
		91D888FD2871ED9200A00626 /* comboom.sucht-BLOG.app */ = {isa = PBXFileReference; explicitFileType = wrapper.application; includeInIndex = 0; path = "comboom.sucht-BLOG.app"; sourceTree = BUILT_PRODUCTS_DIR; };
		91D889032871ED9200A00626 /* comboom.sucht-BLOG.app */ = {isa = PBXFileReference; explicitFileType = wrapper.application; includeInIndex = 0; path = "comboom.sucht-BLOG.app"; sourceTree = BUILT_PRODUCTS_DIR; };
		91D889052871ED9200A00626 /* macOS.entitlements */ = {isa = PBXFileReference; lastKnownFileType = text.plist.entitlements; path = macOS.entitlements; sourceTree = "<group>"; };
		91D8890A2871ED9200A00626 /* Tests iOS.xctest */ = {isa = PBXFileReference; explicitFileType = wrapper.cfbundle; includeInIndex = 0; path = "Tests iOS.xctest"; sourceTree = BUILT_PRODUCTS_DIR; };
		91D8890E2871ED9200A00626 /* Tests_iOS.swift */ = {isa = PBXFileReference; lastKnownFileType = sourcecode.swift; path = Tests_iOS.swift; sourceTree = "<group>"; };
		91D889102871ED9200A00626 /* Tests_iOSLaunchTests.swift */ = {isa = PBXFileReference; lastKnownFileType = sourcecode.swift; path = Tests_iOSLaunchTests.swift; sourceTree = "<group>"; };
		91D889162871ED9200A00626 /* Tests macOS.xctest */ = {isa = PBXFileReference; explicitFileType = wrapper.cfbundle; includeInIndex = 0; path = "Tests macOS.xctest"; sourceTree = BUILT_PRODUCTS_DIR; };
		91D8891A2871ED9200A00626 /* Tests_macOS.swift */ = {isa = PBXFileReference; lastKnownFileType = sourcecode.swift; path = Tests_macOS.swift; sourceTree = "<group>"; };
		91D8891C2871ED9200A00626 /* Tests_macOSLaunchTests.swift */ = {isa = PBXFileReference; lastKnownFileType = sourcecode.swift; path = Tests_macOSLaunchTests.swift; sourceTree = "<group>"; };
/* End PBXFileReference section */

/* Begin PBXFrameworksBuildPhase section */
		91D888FA2871ED9200A00626 /* Frameworks */ = {
			isa = PBXFrameworksBuildPhase;
			buildActionMask = 2147483647;
			files = (
			);
			runOnlyForDeploymentPostprocessing = 0;
		};
		91D889002871ED9200A00626 /* Frameworks */ = {
			isa = PBXFrameworksBuildPhase;
			buildActionMask = 2147483647;
			files = (
			);
			runOnlyForDeploymentPostprocessing = 0;
		};
		91D889072871ED9200A00626 /* Frameworks */ = {
			isa = PBXFrameworksBuildPhase;
			buildActionMask = 2147483647;
			files = (
			);
			runOnlyForDeploymentPostprocessing = 0;
		};
		91D889132871ED9200A00626 /* Frameworks */ = {
			isa = PBXFrameworksBuildPhase;
			buildActionMask = 2147483647;
			files = (
			);
			runOnlyForDeploymentPostprocessing = 0;
		};
/* End PBXFrameworksBuildPhase section */

/* Begin PBXGroup section */
		91D888ED2871ED9200A00626 = {
			isa = PBXGroup;
			children = (
				91D888F22871ED9200A00626 /* Shared */,
				91D889042871ED9200A00626 /* macOS */,
				91D8890D2871ED9200A00626 /* Tests iOS */,
				91D889192871ED9200A00626 /* Tests macOS */,
				91D888FE2871ED9200A00626 /* Products */,
			);
			sourceTree = "<group>";
		};
		91D888F22871ED9200A00626 /* Shared */ = {
			isa = PBXGroup;
			children = (
				91D888F52871ED9200A00626 /* comboom_sucht_BLOGApp.swift */,
				91D888F62871ED9200A00626 /* ContentView.swift */,
				91D888F72871ED9200A00626 /* Persistence.swift */,
				91D888F82871ED9200A00626 /* Assets.xcassets */,
				91D888F32871ED9200A00626 /* comboom_sucht_BLOG.xcdatamodeld */,
			);
			path = Shared;
			sourceTree = "<group>";
		};
		91D888FE2871ED9200A00626 /* Products */ = {
			isa = PBXGroup;
			children = (
				91D888FD2871ED9200A00626 /* comboom.sucht-BLOG.app */,
				91D889032871ED9200A00626 /* comboom.sucht-BLOG.app */,
				91D8890A2871ED9200A00626 /* Tests iOS.xctest */,
				91D889162871ED9200A00626 /* Tests macOS.xctest */,
			);
			name = Products;
			sourceTree = "<group>";
		};
		91D889042871ED9200A00626 /* macOS */ = {
			isa = PBXGroup;
			children = (
				91D889052871ED9200A00626 /* macOS.entitlements */,
			);
			path = macOS;
			sourceTree = "<group>";
		};
		91D8890D2871ED9200A00626 /* Tests iOS */ = {
			isa = PBXGroup;
			children = (
				91D8890E2871ED9200A00626 /* Tests_iOS.swift */,
				91D889102871ED9200A00626 /* Tests_iOSLaunchTests.swift */,
			);
			path = "Tests iOS";
			sourceTree = "<group>";
		};
		91D889192871ED9200A00626 /* Tests macOS */ = {
			isa = PBXGroup;
			children = (
				91D8891A2871ED9200A00626 /* Tests_macOS.swift */,
				91D8891C2871ED9200A00626 /* Tests_macOSLaunchTests.swift */,
			);
			path = "Tests macOS";
			sourceTree = "<group>";
		};
/* End PBXGroup section */

/* Begin PBXNativeTarget section */
		91D888FC2871ED9200A00626 /* comboom.sucht-BLOG (iOS) */ = {
			isa = PBXNativeTarget;
			buildConfigurationList = 91D8892A2871ED9200A00626 /* Build configuration list for PBXNativeTarget "comboom.sucht-BLOG (iOS)" */;
			buildPhases = (
				91D888F92871ED9200A00626 /* Sources */,
				91D888FA2871ED9200A00626 /* Frameworks */,
				91D888FB2871ED9200A00626 /* Resources */,
			);
			buildRules = (
			);
			dependencies = (
			);
			name = "comboom.sucht-BLOG (iOS)";
			productName = "comboom.sucht-BLOG (iOS)";
			productReference = 91D888FD2871ED9200A00626 /* comboom.sucht-BLOG.app */;
			productType = "com.apple.product-type.application";
		};
		91D889022871ED9200A00626 /* comboom.sucht-BLOG (macOS) */ = {
			isa = PBXNativeTarget;
			buildConfigurationList = 91D8892D2871ED9200A00626 /* Build configuration list for PBXNativeTarget "comboom.sucht-BLOG (macOS)" */;
			buildPhases = (
				91D888FF2871ED9200A00626 /* Sources */,
				91D889002871ED9200A00626 /* Frameworks */,
				91D889012871ED9200A00626 /* Resources */,
			);
			buildRules = (
			);
			dependencies = (
			);
			name = "comboom.sucht-BLOG (macOS)";
			productName = "comboom.sucht-BLOG (macOS)";
			productReference = 91D889032871ED9200A00626 /* comboom.sucht-BLOG.app */;
			productType = "com.apple.product-type.application";
		};
		91D889092871ED9200A00626 /* Tests iOS */ = {
			isa = PBXNativeTarget;
			buildConfigurationList = 91D889302871ED9200A00626 /* Build configuration list for PBXNativeTarget "Tests iOS" */;
			buildPhases = (
				91D889062871ED9200A00626 /* Sources */,
				91D889072871ED9200A00626 /* Frameworks */,
				91D889082871ED9200A00626 /* Resources */,
			);
			buildRules = (
			);
			dependencies = (
				91D8890C2871ED9200A00626 /* PBXTargetDependency */,
			);
			name = "Tests iOS";
			productName = "Tests iOS";
			productReference = 91D8890A2871ED9200A00626 /* Tests iOS.xctest */;
			productType = "com.apple.product-type.bundle.ui-testing";
		};
		91D889152871ED9200A00626 /* Tests macOS */ = {
			isa = PBXNativeTarget;
			buildConfigurationList = 91D889332871ED9200A00626 /* Build configuration list for PBXNativeTarget "Tests macOS" */;
			buildPhases = (
				91D889122871ED9200A00626 /* Sources */,
				91D889132871ED9200A00626 /* Frameworks */,
				91D889142871ED9200A00626 /* Resources */,
			);
			buildRules = (
			);
			dependencies = (
				91D889182871ED9200A00626 /* PBXTargetDependency */,
			);
			name = "Tests macOS";
			productName = "Tests macOS";
			productReference = 91D889162871ED9200A00626 /* Tests macOS.xctest */;
			productType = "com.apple.product-type.bundle.ui-testing";
		};
/* End PBXNativeTarget section */

/* Begin PBXProject section */
		91D888EE2871ED9200A00626 /* Project object */ = {
			isa = PBXProject;
			attributes = {
				BuildIndependentTargetsInParallel = 1;
				LastSwiftUpdateCheck = 1340;
				LastUpgradeCheck = 1340;
				TargetAttributes = {
					91D888FC2871ED9200A00626 = {
						CreatedOnToolsVersion = 13.4.1;
					};
					91D889022871ED9200A00626 = {
						CreatedOnToolsVersion = 13.4.1;
					};
					91D889092871ED9200A00626 = {
						CreatedOnToolsVersion = 13.4.1;
						TestTargetID = 91D888FC2871ED9200A00626;
					};
					91D889152871ED9200A00626 = {
						CreatedOnToolsVersion = 13.4.1;
						TestTargetID = 91D889022871ED9200A00626;
					};
				};
			};
			buildConfigurationList = 91D888F12871ED9200A00626 /* Build configuration list for PBXProject "comboom.sucht-BLOG" */;
			compatibilityVersion = "Xcode 13.0";
			developmentRegion = en;
			hasScannedForEncodings = 0;
			knownRegions = (
				en,
				Base,
			);
			mainGroup = 91D888ED2871ED9200A00626;
			productRefGroup = 91D888FE2871ED9200A00626 /* Products */;
			projectDirPath = "";
			projectRoot = "";
			targets = (
				91D888FC2871ED9200A00626 /* comboom.sucht-BLOG (iOS) */,
				91D889022871ED9200A00626 /* comboom.sucht-BLOG (macOS) */,
				91D889092871ED9200A00626 /* Tests iOS */,
				91D889152871ED9200A00626 /* Tests macOS */,
			);
		};
/* End PBXProject section */

/* Begin PBXResourcesBuildPhase section */
		91D888FB2871ED9200A00626 /* Resources */ = {
			isa = PBXResourcesBuildPhase;
			buildActionMask = 2147483647;
			files = (
				91D889262871ED9200A00626 /* Assets.xcassets in Resources */,
			);
			runOnlyForDeploymentPostprocessing = 0;
		};
		91D889012871ED9200A00626 /* Resources */ = {
			isa = PBXResourcesBuildPhase;
			buildActionMask = 2147483647;
			files = (
				91D889272871ED9200A00626 /* Assets.xcassets in Resources */,
			);
			runOnlyForDeploymentPostprocessing = 0;
		};
		91D889082871ED9200A00626 /* Resources */ = {
			isa = PBXResourcesBuildPhase;
			buildActionMask = 2147483647;
			files = (
			);
			runOnlyForDeploymentPostprocessing = 0;
		};
		91D889142871ED9200A00626 /* Resources */ = {
			isa = PBXResourcesBuildPhase;
			buildActionMask = 2147483647;
			files = (
			);
			runOnlyForDeploymentPostprocessing = 0;
		};
/* End PBXResourcesBuildPhase section */

/* Begin PBXSourcesBuildPhase section */
		91D888F92871ED9200A00626 /* Sources */ = {
			isa = PBXSourcesBuildPhase;
			buildActionMask = 2147483647;
			files = (
				91D889202871ED9200A00626 /* comboom_sucht_BLOGApp.swift in Sources */,
				91D889242871ED9200A00626 /* Persistence.swift in Sources */,
				91D8891E2871ED9200A00626 /* comboom_sucht_BLOG.xcdatamodeld in Sources */,
				91D889222871ED9200A00626 /* ContentView.swift in Sources */,
			);
			runOnlyForDeploymentPostprocessing = 0;
		};
		91D888FF2871ED9200A00626 /* Sources */ = {
			isa = PBXSourcesBuildPhase;
			buildActionMask = 2147483647;
			files = (
				91D889212871ED9200A00626 /* comboom_sucht_BLOGApp.swift in Sources */,
				91D889252871ED9200A00626 /* Persistence.swift in Sources */,
				91D8891F2871ED9200A00626 /* comboom_sucht_BLOG.xcdatamodeld in Sources */,
				91D889232871ED9200A00626 /* ContentView.swift in Sources */,
			);
			runOnlyForDeploymentPostprocessing = 0;
		};
		91D889062871ED9200A00626 /* Sources */ = {
			isa = PBXSourcesBuildPhase;
			buildActionMask = 2147483647;
			files = (
				91D889112871ED9200A00626 /* Tests_iOSLaunchTests.swift in Sources */,
				91D8890F2871ED9200A00626 /* Tests_iOS.swift in Sources */,
			);
			runOnlyForDeploymentPostprocessing = 0;
		};
		91D889122871ED9200A00626 /* Sources */ = {
			isa = PBXSourcesBuildPhase;
			buildActionMask = 2147483647;
			files = (
				91D8891D2871ED9200A00626 /* Tests_macOSLaunchTests.swift in Sources */,
				91D8891B2871ED9200A00626 /* Tests_macOS.swift in Sources */,
			);
			runOnlyForDeploymentPostprocessing = 0;
		};
/* End PBXSourcesBuildPhase section */

/* Begin PBXTargetDependency section */
		91D8890C2871ED9200A00626 /* PBXTargetDependency */ = {
			isa = PBXTargetDependency;
			target = 91D888FC2871ED9200A00626 /* comboom.sucht-BLOG (iOS) */;
			targetProxy = 91D8890B2871ED9200A00626 /* PBXContainerItemProxy */;
		};
		91D889182871ED9200A00626 /* PBXTargetDependency */ = {
			isa = PBXTargetDependency;
			target = 91D889022871ED9200A00626 /* comboom.sucht-BLOG (macOS) */;
			targetProxy = 91D889172871ED9200A00626 /* PBXContainerItemProxy */;
		};
/* End PBXTargetDependency section */

/* Begin XCBuildConfiguration section */
		91D889282871ED9200A00626 /* Debug */ = {
			isa = XCBuildConfiguration;
			buildSettings = {
				ALWAYS_SEARCH_USER_PATHS = NO;
				CLANG_ANALYZER_NONNULL = YES;
				CLANG_ANALYZER_NUMBER_OBJECT_CONVERSION = YES_AGGRESSIVE;
				CLANG_CXX_LANGUAGE_STANDARD = "gnu++17";
				CLANG_ENABLE_MODULES = YES;
				CLANG_ENABLE_OBJC_ARC = YES;
				CLANG_ENABLE_OBJC_WEAK = YES;
				CLANG_WARN_BLOCK_CAPTURE_AUTORELEASING = YES;
				CLANG_WARN_BOOL_CONVERSION = YES;
				CLANG_WARN_COMMA = YES;
				CLANG_WARN_CONSTANT_CONVERSION = YES;
				CLANG_WARN_DEPRECATED_OBJC_IMPLEMENTATIONS = YES;
				CLANG_WARN_DIRECT_OBJC_ISA_USAGE = YES_ERROR;
				CLANG_WARN_DOCUMENTATION_COMMENTS = YES;
				CLANG_WARN_EMPTY_BODY = YES;
				CLANG_WARN_ENUM_CONVERSION = YES;
				CLANG_WARN_INFINITE_RECURSION = YES;
				CLANG_WARN_INT_CONVERSION = YES;
				CLANG_WARN_NON_LITERAL_NULL_CONVERSION = YES;
				CLANG_WARN_OBJC_IMPLICIT_RETAIN_SELF = YES;
				CLANG_WARN_OBJC_LITERAL_CONVERSION = YES;
				CLANG_WARN_OBJC_ROOT_CLASS = YES_ERROR;
				CLANG_WARN_QUOTED_INCLUDE_IN_FRAMEWORK_HEADER = YES;
				CLANG_WARN_RANGE_LOOP_ANALYSIS = YES;
				CLANG_WARN_STRICT_PROTOTYPES = YES;
				CLANG_WARN_SUSPICIOUS_MOVE = YES;
				CLANG_WARN_UNGUARDED_AVAILABILITY = YES_AGGRESSIVE;
				CLANG_WARN_UNREACHABLE_CODE = YES;
				CLANG_WARN__DUPLICATE_METHOD_MATCH = YES;
				COPY_PHASE_STRIP = NO;
				DEBUG_INFORMATION_FORMAT = dwarf;
				ENABLE_STRICT_OBJC_MSGSEND = YES;
				ENABLE_TESTABILITY = YES;
				GCC_C_LANGUAGE_STANDARD = gnu11;
				GCC_DYNAMIC_NO_PIC = NO;
				GCC_NO_COMMON_BLOCKS = YES;
				GCC_OPTIMIZATION_LEVEL = 0;
				GCC_PREPROCESSOR_DEFINITIONS = (
					"DEBUG=1",
					"$(inherited)",
				);
				GCC_WARN_64_TO_32_BIT_CONVERSION = YES;
				GCC_WARN_ABOUT_RETURN_TYPE = YES_ERROR;
				GCC_WARN_UNDECLARED_SELECTOR = YES;
				GCC_WARN_UNINITIALIZED_AUTOS = YES_AGGRESSIVE;
				GCC_WARN_UNUSED_FUNCTION = YES;
				GCC_WARN_UNUSED_VARIABLE = YES;
				MTL_ENABLE_DEBUG_INFO = INCLUDE_SOURCE;
				MTL_FAST_MATH = YES;
				ONLY_ACTIVE_ARCH = YES;
				SWIFT_ACTIVE_COMPILATION_CONDITIONS = DEBUG;
				SWIFT_OPTIMIZATION_LEVEL = "-Onone";
			};
			name = Debug;
		};
		91D889292871ED9200A00626 /* Release */ = {
			isa = XCBuildConfiguration;
			buildSettings = {
				ALWAYS_SEARCH_USER_PATHS = NO;
				CLANG_ANALYZER_NONNULL = YES;
				CLANG_ANALYZER_NUMBER_OBJECT_CONVERSION = YES_AGGRESSIVE;
				CLANG_CXX_LANGUAGE_STANDARD = "gnu++17";
				CLANG_ENABLE_MODULES = YES;
				CLANG_ENABLE_OBJC_ARC = YES;
				CLANG_ENABLE_OBJC_WEAK = YES;
				CLANG_WARN_BLOCK_CAPTURE_AUTORELEASING = YES;
				CLANG_WARN_BOOL_CONVERSION = YES;
				CLANG_WARN_COMMA = YES;
				CLANG_WARN_CONSTANT_CONVERSION = YES;
				CLANG_WARN_DEPRECATED_OBJC_IMPLEMENTATIONS = YES;
				CLANG_WARN_DIRECT_OBJC_ISA_USAGE = YES_ERROR;
				CLANG_WARN_DOCUMENTATION_COMMENTS = YES;
				CLANG_WARN_EMPTY_BODY = YES;
				CLANG_WARN_ENUM_CONVERSION = YES;
				CLANG_WARN_INFINITE_RECURSION = YES;
				CLANG_WARN_INT_CONVERSION = YES;
				CLANG_WARN_NON_LITERAL_NULL_CONVERSION = YES;
				CLANG_WARN_OBJC_IMPLICIT_RETAIN_SELF = YES;
				CLANG_WARN_OBJC_LITERAL_CONVERSION = YES;
				CLANG_WARN_OBJC_ROOT_CLASS = YES_ERROR;
				CLANG_WARN_QUOTED_INCLUDE_IN_FRAMEWORK_HEADER = YES;
				CLANG_WARN_RANGE_LOOP_ANALYSIS = YES;
				CLANG_WARN_STRICT_PROTOTYPES = YES;
				CLANG_WARN_SUSPICIOUS_MOVE = YES;
				CLANG_WARN_UNGUARDED_AVAILABILITY = YES_AGGRESSIVE;
				CLANG_WARN_UNREACHABLE_CODE = YES;
				CLANG_WARN__DUPLICATE_METHOD_MATCH = YES;
				COPY_PHASE_STRIP = NO;
				DEBUG_INFORMATION_FORMAT = "dwarf-with-dsym";
				ENABLE_NS_ASSERTIONS = NO;
				ENABLE_STRICT_OBJC_MSGSEND = YES;
				GCC_C_LANGUAGE_STANDARD = gnu11;
				GCC_NO_COMMON_BLOCKS = YES;
				GCC_WARN_64_TO_32_BIT_CONVERSION = YES;
				GCC_WARN_ABOUT_RETURN_TYPE = YES_ERROR;
				GCC_WARN_UNDECLARED_SELECTOR = YES;
				GCC_WARN_UNINITIALIZED_AUTOS = YES_AGGRESSIVE;
				GCC_WARN_UNUSED_FUNCTION = YES;
				GCC_WARN_UNUSED_VARIABLE = YES;
				MTL_ENABLE_DEBUG_INFO = NO;
				MTL_FAST_MATH = YES;
				SWIFT_COMPILATION_MODE = wholemodule;
				SWIFT_OPTIMIZATION_LEVEL = "-O";
			};
			name = Release;
		};
		91D8892B2871ED9200A00626 /* Debug */ = {
			isa = XCBuildConfiguration;
			buildSettings = {
				ASSETCATALOG_COMPILER_APPICON_NAME = AppIcon;
				ASSETCATALOG_COMPILER_GLOBAL_ACCENT_COLOR_NAME = AccentColor;
				CODE_SIGN_STYLE = Automatic;
				CURRENT_PROJECT_VERSION = 1;
				DEVELOPMENT_TEAM = 3KUZ76Z8W3;
				ENABLE_PREVIEWS = YES;
				GENERATE_INFOPLIST_FILE = YES;
				INFOPLIST_KEY_UIApplicationSceneManifest_Generation = YES;
				INFOPLIST_KEY_UIApplicationSupportsIndirectInputEvents = YES;
				INFOPLIST_KEY_UILaunchScreen_Generation = YES;
				INFOPLIST_KEY_UISupportedInterfaceOrientations_iPad = "UIInterfaceOrientationPortrait UIInterfaceOrientationPortraitUpsideDown UIInterfaceOrientationLandscapeLeft UIInterfaceOrientationLandscapeRight";
				INFOPLIST_KEY_UISupportedInterfaceOrientations_iPhone = "UIInterfaceOrientationPortrait UIInterfaceOrientationLandscapeLeft UIInterfaceOrientationLandscapeRight";
				IPHONEOS_DEPLOYMENT_TARGET = 15.5;
				LD_RUNPATH_SEARCH_PATHS = (
					"$(inherited)",
					"@executable_path/Frameworks",
				);
				MARKETING_VERSION = 1.0;
				PRODUCT_BUNDLE_IDENTIFIER = "com.comboom.sucht.comboom-sucht-BLOG";
				PRODUCT_NAME = "comboom.sucht-BLOG";
				SDKROOT = iphoneos;
				SWIFT_EMIT_LOC_STRINGS = YES;
				SWIFT_VERSION = 5.0;
				TARGETED_DEVICE_FAMILY = "1,2";
			};
			name = Debug;
		};
		91D8892C2871ED9200A00626 /* Release */ = {
			isa = XCBuildConfiguration;
			buildSettings = {
				ASSETCATALOG_COMPILER_APPICON_NAME = AppIcon;
				ASSETCATALOG_COMPILER_GLOBAL_ACCENT_COLOR_NAME = AccentColor;
				CODE_SIGN_STYLE = Automatic;
				CURRENT_PROJECT_VERSION = 1;
				DEVELOPMENT_TEAM = 3KUZ76Z8W3;
				ENABLE_PREVIEWS = YES;
				GENERATE_INFOPLIST_FILE = YES;
				INFOPLIST_KEY_UIApplicationSceneManifest_Generation = YES;
				INFOPLIST_KEY_UIApplicationSupportsIndirectInputEvents = YES;
				INFOPLIST_KEY_UILaunchScreen_Generation = YES;
				INFOPLIST_KEY_UISupportedInterfaceOrientations_iPad = "UIInterfaceOrientationPortrait UIInterfaceOrientationPortraitUpsideDown UIInterfaceOrientationLandscapeLeft UIInterfaceOrientationLandscapeRight";
				INFOPLIST_KEY_UISupportedInterfaceOrientations_iPhone = "UIInterfaceOrientationPortrait UIInterfaceOrientationLandscapeLeft UIInterfaceOrientationLandscapeRight";
				IPHONEOS_DEPLOYMENT_TARGET = 15.5;
				LD_RUNPATH_SEARCH_PATHS = (
					"$(inherited)",
					"@executable_path/Frameworks",
				);
				MARKETING_VERSION = 1.0;
				PRODUCT_BUNDLE_IDENTIFIER = "com.comboom.sucht.comboom-sucht-BLOG";
				PRODUCT_NAME = "comboom.sucht-BLOG";
				SDKROOT = iphoneos;
				SWIFT_EMIT_LOC_STRINGS = YES;
				SWIFT_VERSION = 5.0;
				TARGETED_DEVICE_FAMILY = "1,2";
				VALIDATE_PRODUCT = YES;
			};
			name = Release;
		};
		91D8892E2871ED9200A00626 /* Debug */ = {
			isa = XCBuildConfiguration;
			buildSettings = {
				ASSETCATALOG_COMPILER_APPICON_NAME = AppIcon;
				ASSETCATALOG_COMPILER_GLOBAL_ACCENT_COLOR_NAME = AccentColor;
				CODE_SIGN_ENTITLEMENTS = macOS/macOS.entitlements;
				CODE_SIGN_STYLE = Automatic;
				COMBINE_HIDPI_IMAGES = YES;
				CURRENT_PROJECT_VERSION = 1;
				DEVELOPMENT_TEAM = 3KUZ76Z8W3;
				ENABLE_HARDENED_RUNTIME = YES;
				ENABLE_PREVIEWS = YES;
				GENERATE_INFOPLIST_FILE = YES;
				INFOPLIST_KEY_NSHumanReadableCopyright = "";
				LD_RUNPATH_SEARCH_PATHS = (
					"$(inherited)",
					"@executable_path/../Frameworks",
				);
				MACOSX_DEPLOYMENT_TARGET = 12.3;
				MARKETING_VERSION = 1.0;
				PRODUCT_BUNDLE_IDENTIFIER = "com.comboom.sucht.comboom-sucht-BLOG";
				PRODUCT_NAME = "comboom.sucht-BLOG";
				SDKROOT = macosx;
				SWIFT_EMIT_LOC_STRINGS = YES;
				SWIFT_VERSION = 5.0;
			};
			name = Debug;
		};
		91D8892F2871ED9200A00626 /* Release */ = {
			isa = XCBuildConfiguration;
			buildSettings = {
				ASSETCATALOG_COMPILER_APPICON_NAME = AppIcon;
				ASSETCATALOG_COMPILER_GLOBAL_ACCENT_COLOR_NAME = AccentColor;
				CODE_SIGN_ENTITLEMENTS = macOS/macOS.entitlements;
				CODE_SIGN_STYLE = Automatic;
				COMBINE_HIDPI_IMAGES = YES;
				CURRENT_PROJECT_VERSION = 1;
				DEVELOPMENT_TEAM = 3KUZ76Z8W3;
				ENABLE_HARDENED_RUNTIME = YES;
				ENABLE_PREVIEWS = YES;
				GENERATE_INFOPLIST_FILE = YES;
				INFOPLIST_KEY_NSHumanReadableCopyright = "";
				LD_RUNPATH_SEARCH_PATHS = (
					"$(inherited)",
					"@executable_path/../Frameworks",
				);
				MACOSX_DEPLOYMENT_TARGET = 12.3;
				MARKETING_VERSION = 1.0;
				PRODUCT_BUNDLE_IDENTIFIER = "com.comboom.sucht.comboom-sucht-BLOG";
				PRODUCT_NAME = "comboom.sucht-BLOG";
				SDKROOT = macosx;
				SWIFT_EMIT_LOC_STRINGS = YES;
				SWIFT_VERSION = 5.0;
			};
			name = Release;
		};
		91D889312871ED9200A00626 /* Debug */ = {
			isa = XCBuildConfiguration;
			buildSettings = {
				ALWAYS_EMBED_SWIFT_STANDARD_LIBRARIES = YES;
				CODE_SIGN_STYLE = Automatic;
				CURRENT_PROJECT_VERSION = 1;
				DEVELOPMENT_TEAM = 3KUZ76Z8W3;
				GENERATE_INFOPLIST_FILE = YES;
				IPHONEOS_DEPLOYMENT_TARGET = 15.5;
				MARKETING_VERSION = 1.0;
				PRODUCT_BUNDLE_IDENTIFIER = "com.comboom.sucht.Tests-iOS";
				PRODUCT_NAME = "$(TARGET_NAME)";
				SDKROOT = iphoneos;
				SWIFT_EMIT_LOC_STRINGS = NO;
				SWIFT_VERSION = 5.0;
				TARGETED_DEVICE_FAMILY = "1,2";
				TEST_TARGET_NAME = "comboom.sucht-BLOG (iOS)";
			};
			name = Debug;
		};
		91D889322871ED9200A00626 /* Release */ = {
			isa = XCBuildConfiguration;
			buildSettings = {
				ALWAYS_EMBED_SWIFT_STANDARD_LIBRARIES = YES;
				CODE_SIGN_STYLE = Automatic;
				CURRENT_PROJECT_VERSION = 1;
				DEVELOPMENT_TEAM = 3KUZ76Z8W3;
				GENERATE_INFOPLIST_FILE = YES;
				IPHONEOS_DEPLOYMENT_TARGET = 15.5;
				MARKETING_VERSION = 1.0;
				PRODUCT_BUNDLE_IDENTIFIER = "com.comboom.sucht.Tests-iOS";
				PRODUCT_NAME = "$(TARGET_NAME)";
				SDKROOT = iphoneos;
				SWIFT_EMIT_LOC_STRINGS = NO;
				SWIFT_VERSION = 5.0;
				TARGETED_DEVICE_FAMILY = "1,2";
				TEST_TARGET_NAME = "comboom.sucht-BLOG (iOS)";
				VALIDATE_PRODUCT = YES;
			};
			name = Release;
		};
		91D889342871ED9200A00626 /* Debug */ = {
			isa = XCBuildConfiguration;
			buildSettings = {
				ALWAYS_EMBED_SWIFT_STANDARD_LIBRARIES = YES;
				CODE_SIGN_STYLE = Automatic;
				CURRENT_PROJECT_VERSION = 1;
				DEVELOPMENT_TEAM = 3KUZ76Z8W3;
				GENERATE_INFOPLIST_FILE = YES;
				MACOSX_DEPLOYMENT_TARGET = 12.3;
				MARKETING_VERSION = 1.0;
				PRODUCT_BUNDLE_IDENTIFIER = "com.comboom.sucht.Tests-macOS";
				PRODUCT_NAME = "$(TARGET_NAME)";
				SDKROOT = macosx;
				SWIFT_EMIT_LOC_STRINGS = NO;
				SWIFT_VERSION = 5.0;
				TEST_TARGET_NAME = "comboom.sucht-BLOG (macOS)";
			};
			name = Debug;
		};
		91D889352871ED9200A00626 /* Release */ = {
			isa = XCBuildConfiguration;
			buildSettings = {
				ALWAYS_EMBED_SWIFT_STANDARD_LIBRARIES = YES;
				CODE_SIGN_STYLE = Automatic;
				CURRENT_PROJECT_VERSION = 1;
				DEVELOPMENT_TEAM = 3KUZ76Z8W3;
				GENERATE_INFOPLIST_FILE = YES;
				MACOSX_DEPLOYMENT_TARGET = 12.3;
				MARKETING_VERSION = 1.0;
				PRODUCT_BUNDLE_IDENTIFIER = "com.comboom.sucht.Tests-macOS";
				PRODUCT_NAME = "$(TARGET_NAME)";
				SDKROOT = macosx;
				SWIFT_EMIT_LOC_STRINGS = NO;
				SWIFT_VERSION = 5.0;
				TEST_TARGET_NAME = "comboom.sucht-BLOG (macOS)";
			};
			name = Release;
		};
/* End XCBuildConfiguration section */

/* Begin XCConfigurationList section */
		91D888F12871ED9200A00626 /* Build configuration list for PBXProject "comboom.sucht-BLOG" */ = {
			isa = XCConfigurationList;
			buildConfigurations = (
				91D889282871ED9200A00626 /* Debug */,
				91D889292871ED9200A00626 /* Release */,
			);
			defaultConfigurationIsVisible = 0;
			defaultConfigurationName = Release;
		};
		91D8892A2871ED9200A00626 /* Build configuration list for PBXNativeTarget "comboom.sucht-BLOG (iOS)" */ = {
			isa = XCConfigurationList;
			buildConfigurations = (
				91D8892B2871ED9200A00626 /* Debug */,
				91D8892C2871ED9200A00626 /* Release */,
			);
			defaultConfigurationIsVisible = 0;
			defaultConfigurationName = Release;
		};
		91D8892D2871ED9200A00626 /* Build configuration list for PBXNativeTarget "comboom.sucht-BLOG (macOS)" */ = {
			isa = XCConfigurationList;
			buildConfigurations = (
				91D8892E2871ED9200A00626 /* Debug */,
				91D8892F2871ED9200A00626 /* Release */,
			);
			defaultConfigurationIsVisible = 0;
			defaultConfigurationName = Release;
		};
		91D889302871ED9200A00626 /* Build configuration list for PBXNativeTarget "Tests iOS" */ = {
			isa = XCConfigurationList;
			buildConfigurations = (
				91D889312871ED9200A00626 /* Debug */,
				91D889322871ED9200A00626 /* Release */,
			);
			defaultConfigurationIsVisible = 0;
			defaultConfigurationName = Release;
		};
		91D889332871ED9200A00626 /* Build configuration list for PBXNativeTarget "Tests macOS" */ = {
			isa = XCConfigurationList;
			buildConfigurations = (
				91D889342871ED9200A00626 /* Debug */,
				91D889352871ED9200A00626 /* Release */,
			);
			defaultConfigurationIsVisible = 0;
			defaultConfigurationName = Release;
		};
/* End XCConfigurationList section */

/* Begin XCVersionGroup section */
		91D888F32871ED9200A00626 /* comboom_sucht_BLOG.xcdatamodeld */ = {
			isa = XCVersionGroup;
			children = (
				91D888F42871ED9200A00626 /* Shared.xcdatamodel */,
			);
			currentVersion = 91D888F42871ED9200A00626 /* Shared.xcdatamodel */;
			path = comboom_sucht_BLOG.xcdatamodeld;
			sourceTree = "<group>";
			versionGroupType = wrapper.xcdatamodel;
		};
/* End XCVersionGroup section */
	};
	rootObject = 91D888EE2871ED9200A00626 /* Project object */;
}
